
Microsoft Visual Studio Solution File, Format Version 12.00
# Visual Studio Version 17
VisualStudioVersion = 17.7.34031.279
MinimumVisualStudioVersion = 10.0.40219.1
Project("{FAE04EC0-301F-11D3-BF4B-00C04F79EFBC}") = "Week15OOPAndFiles", "Week15OOPAndFiles\Week15OOPAndFiles.csproj", "{EA332E80-0C68-4803-836D-6E9B79B514E5}"
EndProject
Global
	GlobalSection(SolutionConfigurationPlatforms) = preSolution
		Debug|Any CPU = Debug|Any CPU
		Release|Any CPU = Release|Any CPU
	EndGlobalSection
	GlobalSection(ProjectConfigurationPlatforms) = postSolution
		{EA332E80-0C68-4803-836D-6E9B79B514E5}.Debug|Any CPU.ActiveCfg = Debug|Any CPU
		{EA332E80-0C68-4803-836D-6E9B79B514E5}.Debug|Any CPU.Build.0 = Debug|Any CPU
		{EA332E80-0C68-4803-836D-6E9B79B514E5}.Release|Any CPU.ActiveCfg = Release|Any CPU
		{EA332E80-0C68-4803-836D-6E9B79B514E5}.Release|Any CPU.Build.0 = Release|Any CPU
	EndGlobalSection
	GlobalSection(SolutionProperties) = preSolution
		HideSolutionNode = FALSE
	EndGlobalSection
	GlobalSection(ExtensibilityGlobals) = postSolution
		SolutionGuid = {1CB0A855-0AD3-4C7B-B798-3BEC16D4E665}
	EndGlobalSection
EndGlobal
